
Microsoft Visual Studio Solution File, Format Version 12.00
# Visual Studio Version 17
VisualStudioVersion = 17.2.32630.192
MinimumVisualStudioVersion = 10.0.40219.1
Project("{FAE04EC0-301F-11D3-BF4B-00C04F79EFBC}") = "Jwt_AspNetCore_webApi", "Jwt_AspNetCore_webApi\Jwt_AspNetCore_webApi.csproj", "{340E013B-5CA2-4F10-9219-EB55CDA27142}"
EndProject
Global
	GlobalSection(SolutionConfigurationPlatforms) = preSolution
		Debug|Any CPU = Debug|Any CPU
		Release|Any CPU = Release|Any CPU
	EndGlobalSection
	GlobalSection(ProjectConfigurationPlatforms) = postSolution
		{340E013B-5CA2-4F10-9219-EB55CDA27142}.Debug|Any CPU.ActiveCfg = Debug|Any CPU
		{340E013B-5CA2-4F10-9219-EB55CDA27142}.Debug|Any CPU.Build.0 = Debug|Any CPU
		{340E013B-5CA2-4F10-9219-EB55CDA27142}.Release|Any CPU.ActiveCfg = Release|Any CPU
		{340E013B-5CA2-4F10-9219-EB55CDA27142}.Release|Any CPU.Build.0 = Release|Any CPU
	EndGlobalSection
	GlobalSection(SolutionProperties) = preSolution
		HideSolutionNode = FALSE
	EndGlobalSection
	GlobalSection(ExtensibilityGlobals) = postSolution
		SolutionGuid = {6C6A5D3A-B360-4C95-8C2E-DBE165330542}
	EndGlobalSection
EndGlobal
